
Microsoft Visual Studio Solution File, Format Version 12.00
# Visual Studio Version 16
VisualStudioVersion = 16.0.33130.400
MinimumVisualStudioVersion = 10.0.40219.1
Project("{FAE04EC0-301F-11D3-BF4B-00C04F79EFBC}") = "FinalPracticeNormal", "FinalPracticeNormal\FinalPracticeNormal.csproj", "{EDEDA17E-2EAB-4A31-9D73-8FCBB4676C47}"
EndProject
Global
	GlobalSection(SolutionConfigurationPlatforms) = preSolution
		Debug|Any CPU = Debug|Any CPU
		Release|Any CPU = Release|Any CPU
	EndGlobalSection
	GlobalSection(ProjectConfigurationPlatforms) = postSolution
		{EDEDA17E-2EAB-4A31-9D73-8FCBB4676C47}.Debug|Any CPU.ActiveCfg = Debug|Any CPU
		{EDEDA17E-2EAB-4A31-9D73-8FCBB4676C47}.Debug|Any CPU.Build.0 = Debug|Any CPU
		{EDEDA17E-2EAB-4A31-9D73-8FCBB4676C47}.Release|Any CPU.ActiveCfg = Release|Any CPU
		{EDEDA17E-2EAB-4A31-9D73-8FCBB4676C47}.Release|Any CPU.Build.0 = Release|Any CPU
	EndGlobalSection
	GlobalSection(SolutionProperties) = preSolution
		HideSolutionNode = FALSE
	EndGlobalSection
	GlobalSection(ExtensibilityGlobals) = postSolution
		SolutionGuid = {1463F934-5A38-4DEB-9B6E-8235759342F6}
	EndGlobalSection
EndGlobal
